
Microsoft Visual Studio Solution File, Format Version 12.00
Project("{FAE04EC0-301F-11D3-BF4B-00C04F79EFBC}") = "MD3Desk", "MD3Desk\MD3Desk.csproj", "{0ABDB2AA-C837-4ADE-A830-5EC042FBC5FD}"
EndProject
Global
	GlobalSection(SolutionConfigurationPlatforms) = preSolution
		Debug|Any CPU = Debug|Any CPU
		Release|Any CPU = Release|Any CPU
	EndGlobalSection
	GlobalSection(ProjectConfigurationPlatforms) = postSolution
		{0ABDB2AA-C837-4ADE-A830-5EC042FBC5FD}.Debug|Any CPU.ActiveCfg = Debug|Any CPU
		{0ABDB2AA-C837-4ADE-A830-5EC042FBC5FD}.Debug|Any CPU.Build.0 = Debug|Any CPU
		{0ABDB2AA-C837-4ADE-A830-5EC042FBC5FD}.Release|Any CPU.ActiveCfg = Release|Any CPU
		{0ABDB2AA-C837-4ADE-A830-5EC042FBC5FD}.Release|Any CPU.Build.0 = Release|Any CPU
	EndGlobalSection
EndGlobal
